
Microsoft Visual Studio Solution File, Format Version 12.00
# Visual Studio Version 16
VisualStudioVersion = 16.0.31112.23
MinimumVisualStudioVersion = 10.0.40219.1
Project("{FAE04EC0-301F-11D3-BF4B-00C04F79EFBC}") = "SlovenianCoronaTracker.Android", "SlovenianCoronaTracker\SlovenianCoronaTracker.Android\SlovenianCoronaTracker.Android.csproj", "{D7DAC194-27DA-4127-A4D1-A24B92ABD722}"
EndProject
Project("{FAE04EC0-301F-11D3-BF4B-00C04F79EFBC}") = "SlovenianCoronaTracker.iOS", "SlovenianCoronaTracker\SlovenianCoronaTracker.iOS\SlovenianCoronaTracker.iOS.csproj", "{2D6576FD-49C3-43FB-A00A-B1990D7C09F6}"
EndProject
Project("{9A19103F-16F7-4668-BE54-9A1E7A4F7556}") = "SlovenianCoronaTracker", "SlovenianCoronaTracker\SlovenianCoronaTracker\SlovenianCoronaTracker.csproj", "{C14F1C57-F2A5-45A3-A948-50FFFE00F3CF}"
EndProject
Global
	GlobalSection(SolutionConfigurationPlatforms) = preSolution
		Debug|Any CPU = Debug|Any CPU
		Debug|iPhone = Debug|iPhone
		Debug|iPhoneSimulator = Debug|iPhoneSimulator
		Release|Any CPU = Release|Any CPU
		Release|iPhone = Release|iPhone
		Release|iPhoneSimulator = Release|iPhoneSimulator
	EndGlobalSection
	GlobalSection(ProjectConfigurationPlatforms) = postSolution
		{D7DAC194-27DA-4127-A4D1-A24B92ABD722}.Debug|Any CPU.ActiveCfg = Debug|Any CPU
		{D7DAC194-27DA-4127-A4D1-A24B92ABD722}.Debug|Any CPU.Build.0 = Debug|Any CPU
		{D7DAC194-27DA-4127-A4D1-A24B92ABD722}.Debug|Any CPU.Deploy.0 = Debug|Any CPU
		{D7DAC194-27DA-4127-A4D1-A24B92ABD722}.Debug|iPhone.ActiveCfg = Debug|Any CPU
		{D7DAC194-27DA-4127-A4D1-A24B92ABD722}.Debug|iPhone.Build.0 = Debug|Any CPU
		{D7DAC194-27DA-4127-A4D1-A24B92ABD722}.Debug|iPhone.Deploy.0 = Debug|Any CPU
		{D7DAC194-27DA-4127-A4D1-A24B92ABD722}.Debug|iPhoneSimulator.ActiveCfg = Debug|Any CPU
		{D7DAC194-27DA-4127-A4D1-A24B92ABD722}.Debug|iPhoneSimulator.Build.0 = Debug|Any CPU
		{D7DAC194-27DA-4127-A4D1-A24B92ABD722}.Debug|iPhoneSimulator.Deploy.0 = Debug|Any CPU
		{D7DAC194-27DA-4127-A4D1-A24B92ABD722}.Release|Any CPU.ActiveCfg = Release|Any CPU
		{D7DAC194-27DA-4127-A4D1-A24B92ABD722}.Release|Any CPU.Build.0 = Release|Any CPU
		{D7DAC194-27DA-4127-A4D1-A24B92ABD722}.Release|Any CPU.Deploy.0 = Release|Any CPU
		{D7DAC194-27DA-4127-A4D1-A24B92ABD722}.Release|iPhone.ActiveCfg = Release|Any CPU
		{D7DAC194-27DA-4127-A4D1-A24B92ABD722}.Release|iPhone.Build.0 = Release|Any CPU
		{D7DAC194-27DA-4127-A4D1-A24B92ABD722}.Release|iPhone.Deploy.0 = Release|Any CPU
		{D7DAC194-27DA-4127-A4D1-A24B92ABD722}.Release|iPhoneSimulator.ActiveCfg = Release|Any CPU
		{D7DAC194-27DA-4127-A4D1-A24B92ABD722}.Release|iPhoneSimulator.Build.0 = Release|Any CPU
		{D7DAC194-27DA-4127-A4D1-A24B92ABD722}.Release|iPhoneSimulator.Deploy.0 = Release|Any CPU
		{2D6576FD-49C3-43FB-A00A-B1990D7C09F6}.Debug|Any CPU.ActiveCfg = Debug|iPhone
		{2D6576FD-49C3-43FB-A00A-B1990D7C09F6}.Debug|Any CPU.Build.0 = Debug|iPhone
		{2D6576FD-49C3-43FB-A00A-B1990D7C09F6}.Debug|Any CPU.Deploy.0 = Debug|iPhone
		{2D6576FD-49C3-43FB-A00A-B1990D7C09F6}.Debug|iPhone.ActiveCfg = Debug|iPhone
		{2D6576FD-49C3-43FB-A00A-B1990D7C09F6}.Debug|iPhone.Build.0 = Debug|iPhone
		{2D6576FD-49C3-43FB-A00A-B1990D7C09F6}.Debug|iPhone.Deploy.0 = Debug|iPhone
		{2D6576FD-49C3-43FB-A00A-B1990D7C09F6}.Debug|iPhoneSimulator.ActiveCfg = Debug|iPhoneSimulator
		{2D6576FD-49C3-43FB-A00A-B1990D7C09F6}.Debug|iPhoneSimulator.Build.0 = Debug|iPhoneSimulator
		{2D6576FD-49C3-43FB-A00A-B1990D7C09F6}.Debug|iPhoneSimulator.Deploy.0 = Debug|iPhoneSimulator
		{2D6576FD-49C3-43FB-A00A-B1990D7C09F6}.Release|Any CPU.ActiveCfg = Release|iPhoneSimulator
		{2D6576FD-49C3-43FB-A00A-B1990D7C09F6}.Release|Any CPU.Build.0 = Release|iPhoneSimulator
		{2D6576FD-49C3-43FB-A00A-B1990D7C09F6}.Release|Any CPU.Deploy.0 = Release|iPhoneSimulator
		{2D6576FD-49C3-43FB-A00A-B1990D7C09F6}.Release|iPhone.ActiveCfg = Release|iPhone
		{2D6576FD-49C3-43FB-A00A-B1990D7C09F6}.Release|iPhone.Build.0 = Release|iPhone
		{2D6576FD-49C3-43FB-A00A-B1990D7C09F6}.Release|iPhone.Deploy.0 = Release|iPhone
		{2D6576FD-49C3-43FB-A00A-B1990D7C09F6}.Release|iPhoneSimulator.ActiveCfg = Release|iPhoneSimulator
		{2D6576FD-49C3-43FB-A00A-B1990D7C09F6}.Release|iPhoneSimulator.Build.0 = Release|iPhoneSimulator
		{2D6576FD-49C3-43FB-A00A-B1990D7C09F6}.Release|iPhoneSimulator.Deploy.0 = Release|iPhoneSimulator
		{C14F1C57-F2A5-45A3-A948-50FFFE00F3CF}.Debug|Any CPU.ActiveCfg = Debug|Any CPU
		{C14F1C57-F2A5-45A3-A948-50FFFE00F3CF}.Debug|Any CPU.Build.0 = Debug|Any CPU
		{C14F1C57-F2A5-45A3-A948-50FFFE00F3CF}.Debug|Any CPU.Deploy.0 = Debug|Any CPU
		{C14F1C57-F2A5-45A3-A948-50FFFE00F3CF}.Debug|iPhone.ActiveCfg = Debug|Any CPU
		{C14F1C57-F2A5-45A3-A948-50FFFE00F3CF}.Debug|iPhone.Build.0 = Debug|Any CPU
		{C14F1C57-F2A5-45A3-A948-50FFFE00F3CF}.Debug|iPhone.Deploy.0 = Debug|Any CPU
		{C14F1C57-F2A5-45A3-A948-50FFFE00F3CF}.Debug|iPhoneSimulator.ActiveCfg = Debug|Any CPU
		{C14F1C57-F2A5-45A3-A948-50FFFE00F3CF}.Debug|iPhoneSimulator.Build.0 = Debug|Any CPU
		{C14F1C57-F2A5-45A3-A948-50FFFE00F3CF}.Debug|iPhoneSimulator.Deploy.0 = Debug|Any CPU
		{C14F1C57-F2A5-45A3-A948-50FFFE00F3CF}.Release|Any CPU.ActiveCfg = Release|Any CPU
		{C14F1C57-F2A5-45A3-A948-50FFFE00F3CF}.Release|Any CPU.Build.0 = Release|Any CPU
		{C14F1C57-F2A5-45A3-A948-50FFFE00F3CF}.Release|Any CPU.Deploy.0 = Release|Any CPU
		{C14F1C57-F2A5-45A3-A948-50FFFE00F3CF}.Release|iPhone.ActiveCfg = Release|Any CPU
		{C14F1C57-F2A5-45A3-A948-50FFFE00F3CF}.Release|iPhone.Build.0 = Release|Any CPU
		{C14F1C57-F2A5-45A3-A948-50FFFE00F3CF}.Release|iPhone.Deploy.0 = Release|Any CPU
		{C14F1C57-F2A5-45A3-A948-50FFFE00F3CF}.Release|iPhoneSimulator.ActiveCfg = Release|Any CPU
		{C14F1C57-F2A5-45A3-A948-50FFFE00F3CF}.Release|iPhoneSimulator.Build.0 = Release|Any CPU
		{C14F1C57-F2A5-45A3-A948-50FFFE00F3CF}.Release|iPhoneSimulator.Deploy.0 = Release|Any CPU
	EndGlobalSection
	GlobalSection(SolutionProperties) = preSolution
		HideSolutionNode = FALSE
	EndGlobalSection
	GlobalSection(ExtensibilityGlobals) = postSolution
		SolutionGuid = {EEF05741-6590-4BA6-B1EA-7743001100E3}
	EndGlobalSection
EndGlobal
